
Microsoft Visual Studio Solution File, Format Version 12.00
# Visual Studio Version 16
VisualStudioVersion = 16.0.30204.135
MinimumVisualStudioVersion = 10.0.40219.1
Project("{9A19103F-16F7-4668-BE54-9A1E7A4F7556}") = "ByteDev.Domain", "src\ByteDev.Domain\ByteDev.Domain.csproj", "{EC218893-3F09-4E72-9A87-E3010EE00CE3}"
EndProject
Project("{2150E333-8FDC-42A3-9474-1A3956D46DE8}") = "Tests", "Tests", "{762E3E82-C19F-44B8-9BED-F77F1BA13B98}"
EndProject
Project("{9A19103F-16F7-4668-BE54-9A1E7A4F7556}") = "ByteDev.Domain.UnitTests", "tests\ByteDev.Domain.UnitTests\ByteDev.Domain.UnitTests.csproj", "{76DDF514-4581-4AF2-A5D6-4B1CB1031777}"
EndProject
Project("{2150E333-8FDC-42A3-9474-1A3956D46DE8}") = "Docs", "Docs", "{2FF43465-8259-4A3D-A38F-A528668A02DE}"
	ProjectSection(SolutionItems) = preProject
		README.md = README.md
		docs\RELEASE-NOTES.md = docs\RELEASE-NOTES.md
	EndProjectSection
EndProject
Project("{2150E333-8FDC-42A3-9474-1A3956D46DE8}") = "Build", "Build", "{77E66FAA-398B-4FA2-8F05-0D71B46A7240}"
	ProjectSection(SolutionItems) = preProject
		build\build.cake = build\build.cake
		build\ByteDev.Domain.nuspec = build\ByteDev.Domain.nuspec
	EndProjectSection
EndProject
Global
	GlobalSection(SolutionConfigurationPlatforms) = preSolution
		Debug|Any CPU = Debug|Any CPU
		Release|Any CPU = Release|Any CPU
	EndGlobalSection
	GlobalSection(ProjectConfigurationPlatforms) = postSolution
		{EC218893-3F09-4E72-9A87-E3010EE00CE3}.Debug|Any CPU.ActiveCfg = Debug|Any CPU
		{EC218893-3F09-4E72-9A87-E3010EE00CE3}.Debug|Any CPU.Build.0 = Debug|Any CPU
		{EC218893-3F09-4E72-9A87-E3010EE00CE3}.Release|Any CPU.ActiveCfg = Release|Any CPU
		{EC218893-3F09-4E72-9A87-E3010EE00CE3}.Release|Any CPU.Build.0 = Release|Any CPU
		{76DDF514-4581-4AF2-A5D6-4B1CB1031777}.Debug|Any CPU.ActiveCfg = Debug|Any CPU
		{76DDF514-4581-4AF2-A5D6-4B1CB1031777}.Debug|Any CPU.Build.0 = Debug|Any CPU
		{76DDF514-4581-4AF2-A5D6-4B1CB1031777}.Release|Any CPU.ActiveCfg = Release|Any CPU
		{76DDF514-4581-4AF2-A5D6-4B1CB1031777}.Release|Any CPU.Build.0 = Release|Any CPU
	EndGlobalSection
	GlobalSection(SolutionProperties) = preSolution
		HideSolutionNode = FALSE
	EndGlobalSection
	GlobalSection(NestedProjects) = preSolution
		{76DDF514-4581-4AF2-A5D6-4B1CB1031777} = {762E3E82-C19F-44B8-9BED-F77F1BA13B98}
	EndGlobalSection
	GlobalSection(ExtensibilityGlobals) = postSolution
		SolutionGuid = {75A19558-0EE0-4105-BDB1-8D1B1C00DE90}
	EndGlobalSection
EndGlobal
